
Microsoft Visual Studio Solution File, Format Version 12.00
# Visual Studio Version 16
VisualStudioVersion = 16.0.33027.164
MinimumVisualStudioVersion = 10.0.40219.1
Project("{888888A0-9F3D-457C-B088-3A5042F75D52}") = "DjangoWebProject1", "DjangoWebProject1.pyproj", "{3708A051-DD1D-4561-B3E4-8ACF6128B3FF}"
EndProject
Global
	GlobalSection(SolutionConfigurationPlatforms) = preSolution
		Debug|Any CPU = Debug|Any CPU
		Release|Any CPU = Release|Any CPU
	EndGlobalSection
	GlobalSection(ProjectConfigurationPlatforms) = postSolution
		{3708A051-DD1D-4561-B3E4-8ACF6128B3FF}.Debug|Any CPU.ActiveCfg = Debug|Any CPU
		{3708A051-DD1D-4561-B3E4-8ACF6128B3FF}.Debug|Any CPU.Build.0 = Debug|Any CPU
		{3708A051-DD1D-4561-B3E4-8ACF6128B3FF}.Release|Any CPU.ActiveCfg = Release|Any CPU
		{3708A051-DD1D-4561-B3E4-8ACF6128B3FF}.Release|Any CPU.Build.0 = Release|Any CPU
	EndGlobalSection
	GlobalSection(SolutionProperties) = preSolution
		HideSolutionNode = FALSE
	EndGlobalSection
	GlobalSection(ExtensibilityGlobals) = postSolution
		SolutionGuid = {920D4DBE-F578-44E2-BA1E-3920F28D85F4}
	EndGlobalSection
EndGlobal
